
Microsoft Visual Studio Solution File, Format Version 12.00
# Visual Studio Version 16
VisualStudioVersion = 16.0.31702.278
MinimumVisualStudioVersion = 10.0.40219.1
Project("{FAE04EC0-301F-11D3-BF4B-00C04F79EFBC}") = "FinalProjectBack-Front", "FinalProjectBack-Front\FinalProjectBack-Front.csproj", "{C58D2E5E-706B-4B4F-9346-221E408231E4}"
EndProject
Global
	GlobalSection(SolutionConfigurationPlatforms) = preSolution
		Debug|Any CPU = Debug|Any CPU
		Release|Any CPU = Release|Any CPU
	EndGlobalSection
	GlobalSection(ProjectConfigurationPlatforms) = postSolution
		{C58D2E5E-706B-4B4F-9346-221E408231E4}.Debug|Any CPU.ActiveCfg = Debug|Any CPU
		{C58D2E5E-706B-4B4F-9346-221E408231E4}.Debug|Any CPU.Build.0 = Debug|Any CPU
		{C58D2E5E-706B-4B4F-9346-221E408231E4}.Release|Any CPU.ActiveCfg = Release|Any CPU
		{C58D2E5E-706B-4B4F-9346-221E408231E4}.Release|Any CPU.Build.0 = Release|Any CPU
	EndGlobalSection
	GlobalSection(SolutionProperties) = preSolution
		HideSolutionNode = FALSE
	EndGlobalSection
	GlobalSection(ExtensibilityGlobals) = postSolution
		SolutionGuid = {7BB95A4C-CDEB-4BEC-8462-72A67229D374}
	EndGlobalSection
EndGlobal
